// !$*UTF8*$!
{
	archiveVersion = 1;
	classes = {
	};
	objectVersion = 51;
	objects = {

/* Begin PBXBuildFile section */
		590C101ABF6AEBB71431F50E /* Pods_AppStoreSearch.framework in Frameworks */ = {isa = PBXBuildFile; fileRef = AADB8B0414B7AE57B1F36E4E /* Pods_AppStoreSearch.framework */; };
		F41306CB23FBF14E0031DE71 /* CALayer+Extension.swift in Sources */ = {isa = PBXBuildFile; fileRef = F41306CA23FBF14E0031DE71 /* CALayer+Extension.swift */; };
		F41306CE23FC0ED80031DE71 /* SearchTabbar+SearchDetail.swift in Sources */ = {isa = PBXBuildFile; fileRef = F41306CC23FC01250031DE71 /* SearchTabbar+SearchDetail.swift */; };
		F41F636723F7FC31004CE89F /* LinkCell.swift in Sources */ = {isa = PBXBuildFile; fileRef = F41F636523F7FC31004CE89F /* LinkCell.swift */; };
		F41F636823F7FC31004CE89F /* LinkCell.xib in Resources */ = {isa = PBXBuildFile; fileRef = F41F636623F7FC31004CE89F /* LinkCell.xib */; };
		F426491823FE19AA00969EDB /* DescSection.swift in Sources */ = {isa = PBXBuildFile; fileRef = F426491723FE19AA00969EDB /* DescSection.swift */; };
		F426491A23FE204E00969EDB /* URL+Extension.swift in Sources */ = {isa = PBXBuildFile; fileRef = F426491923FE204E00969EDB /* URL+Extension.swift */; };
		F426491C23FE210B00969EDB /* MoreSection.swift in Sources */ = {isa = PBXBuildFile; fileRef = F426491B23FE210B00969EDB /* MoreSection.swift */; };
		F426491E23FE212C00969EDB /* ReviewSection.swift in Sources */ = {isa = PBXBuildFile; fileRef = F426491D23FE212C00969EDB /* ReviewSection.swift */; };
		F426492023FE214100969EDB /* NewSection.swift in Sources */ = {isa = PBXBuildFile; fileRef = F426491F23FE214100969EDB /* NewSection.swift */; };
		F426492223FE215400969EDB /* InfoSection.swift in Sources */ = {isa = PBXBuildFile; fileRef = F426492123FE215300969EDB /* InfoSection.swift */; };
		F426492423FE216600969EDB /* HelperSection.swift in Sources */ = {isa = PBXBuildFile; fileRef = F426492323FE216600969EDB /* HelperSection.swift */; };
		F44AB7EF23FBA617003527A2 /* TitleSection.swift in Sources */ = {isa = PBXBuildFile; fileRef = F44AB7EC23FBA617003527A2 /* TitleSection.swift */; };
		F44AB7F023FBA617003527A2 /* Section.swift in Sources */ = {isa = PBXBuildFile; fileRef = F44AB7ED23FBA617003527A2 /* Section.swift */; };
		F44AB7F123FBA617003527A2 /* InputTextSection.swift in Sources */ = {isa = PBXBuildFile; fileRef = F44AB7EE23FBA617003527A2 /* InputTextSection.swift */; };
		F44DE57023FA22B5006532D7 /* Dependency.swift in Sources */ = {isa = PBXBuildFile; fileRef = F44DE55D23FA22B5006532D7 /* Dependency.swift */; };
		F44DE57123FA22B5006532D7 /* Component.swift in Sources */ = {isa = PBXBuildFile; fileRef = F44DE55E23FA22B5006532D7 /* Component.swift */; };
		F44DE57223FA22B5006532D7 /* PresentableInteractor.swift in Sources */ = {isa = PBXBuildFile; fileRef = F44DE55F23FA22B5006532D7 /* PresentableInteractor.swift */; };
		F44DE57323FA22B5006532D7 /* Builder.swift in Sources */ = {isa = PBXBuildFile; fileRef = F44DE56023FA22B5006532D7 /* Builder.swift */; };
		F44DE57423FA22B5006532D7 /* Interactor.swift in Sources */ = {isa = PBXBuildFile; fileRef = F44DE56123FA22B5006532D7 /* Interactor.swift */; };
		F44DE57523FA22B5006532D7 /* FoundationExtensions.swift in Sources */ = {isa = PBXBuildFile; fileRef = F44DE56323FA22B5006532D7 /* FoundationExtensions.swift */; };
		F44DE57623FA22B5006532D7 /* Presenter.swift in Sources */ = {isa = PBXBuildFile; fileRef = F44DE56423FA22B5006532D7 /* Presenter.swift */; };
		F44DE57723FA22B5006532D7 /* LaunchRouter.swift in Sources */ = {isa = PBXBuildFile; fileRef = F44DE56523FA22B5006532D7 /* LaunchRouter.swift */; };
		F44DE57823FA22B5006532D7 /* Executor.swift in Sources */ = {isa = PBXBuildFile; fileRef = F44DE56723FA22B5006532D7 /* Executor.swift */; };
		F44DE57923FA22B5006532D7 /* LeakDetector.swift in Sources */ = {isa = PBXBuildFile; fileRef = F44DE56823FA22B5006532D7 /* LeakDetector.swift */; };
		F44DE57A23FA22B5006532D7 /* Router.swift in Sources */ = {isa = PBXBuildFile; fileRef = F44DE56923FA22B5006532D7 /* Router.swift */; };
		F44DE57B23FA22B5006532D7 /* Workflow.swift in Sources */ = {isa = PBXBuildFile; fileRef = F44DE56B23FA22B5006532D7 /* Workflow.swift */; };
		F44DE57C23FA22B5006532D7 /* ViewableRouter.swift in Sources */ = {isa = PBXBuildFile; fileRef = F44DE56C23FA22B5006532D7 /* ViewableRouter.swift */; };
		F44DE57D23FA22B5006532D7 /* Worker.swift in Sources */ = {isa = PBXBuildFile; fileRef = F44DE56E23FA22B5006532D7 /* Worker.swift */; };
		F44DE57E23FA22B5006532D7 /* ViewControllable.swift in Sources */ = {isa = PBXBuildFile; fileRef = F44DE56F23FA22B5006532D7 /* ViewControllable.swift */; };
		F44DE58423FA261A006532D7 /* SearchTabbarRouter.swift in Sources */ = {isa = PBXBuildFile; fileRef = F44DE58023FA261A006532D7 /* SearchTabbarRouter.swift */; };
		F44DE58523FA261A006532D7 /* SearchTabbarViewController.swift in Sources */ = {isa = PBXBuildFile; fileRef = F44DE58123FA261A006532D7 /* SearchTabbarViewController.swift */; };
		F44DE58623FA261A006532D7 /* SearchTabbarBuilder.swift in Sources */ = {isa = PBXBuildFile; fileRef = F44DE58223FA261A006532D7 /* SearchTabbarBuilder.swift */; };
		F44DE58723FA261A006532D7 /* SearchTabbarInteractor.swift in Sources */ = {isa = PBXBuildFile; fileRef = F44DE58323FA261A006532D7 /* SearchTabbarInteractor.swift */; };
		F44DE58A23FA5357006532D7 /* Search.swift in Sources */ = {isa = PBXBuildFile; fileRef = F44DE58923FA5357006532D7 /* Search.swift */; };
		F44DE59C23FA80B0006532D7 /* Util.swift in Sources */ = {isa = PBXBuildFile; fileRef = F44DE59B23FA80B0006532D7 /* Util.swift */; };
		F45777A523FD4E71005969C4 /* MoreCell.swift in Sources */ = {isa = PBXBuildFile; fileRef = F45777A323FD4E71005969C4 /* MoreCell.swift */; };
		F45777A623FD4E71005969C4 /* MoreCell.xib in Resources */ = {isa = PBXBuildFile; fileRef = F45777A423FD4E71005969C4 /* MoreCell.xib */; };
		F45777A923FD4E85005969C4 /* ReviewCell.swift in Sources */ = {isa = PBXBuildFile; fileRef = F45777A723FD4E85005969C4 /* ReviewCell.swift */; };
		F45777AA23FD4E85005969C4 /* ReviewCell.xib in Resources */ = {isa = PBXBuildFile; fileRef = F45777A823FD4E85005969C4 /* ReviewCell.xib */; };
		F45777AD23FD4EB8005969C4 /* NewCell.swift in Sources */ = {isa = PBXBuildFile; fileRef = F45777AB23FD4EB8005969C4 /* NewCell.swift */; };
		F45777AE23FD4EB8005969C4 /* NewCell.xib in Resources */ = {isa = PBXBuildFile; fileRef = F45777AC23FD4EB8005969C4 /* NewCell.xib */; };
		F45777B123FD4EC9005969C4 /* InfoCell.swift in Sources */ = {isa = PBXBuildFile; fileRef = F45777AF23FD4EC9005969C4 /* InfoCell.swift */; };
		F45777B223FD4EC9005969C4 /* InfoCell.xib in Resources */ = {isa = PBXBuildFile; fileRef = F45777B023FD4EC9005969C4 /* InfoCell.xib */; };
		F45777B523FD4F0A005969C4 /* HelperCell.swift in Sources */ = {isa = PBXBuildFile; fileRef = F45777B323FD4F0A005969C4 /* HelperCell.swift */; };
		F45777B623FD4F0A005969C4 /* HelperCell.xib in Resources */ = {isa = PBXBuildFile; fileRef = F45777B423FD4F0A005969C4 /* HelperCell.xib */; };
		F470C03D23F8DC5B00AC7A18 /* RootRouter.swift in Sources */ = {isa = PBXBuildFile; fileRef = F470C03923F8DC5B00AC7A18 /* RootRouter.swift */; };
		F470C03E23F8DC5B00AC7A18 /* RootViewController.swift in Sources */ = {isa = PBXBuildFile; fileRef = F470C03A23F8DC5B00AC7A18 /* RootViewController.swift */; };
		F470C03F23F8DC5B00AC7A18 /* RootBuilder.swift in Sources */ = {isa = PBXBuildFile; fileRef = F470C03B23F8DC5B00AC7A18 /* RootBuilder.swift */; };
		F470C04023F8DC5B00AC7A18 /* RootInteractor.swift in Sources */ = {isa = PBXBuildFile; fileRef = F470C03C23F8DC5B00AC7A18 /* RootInteractor.swift */; };
		F470C04223F8E41000AC7A18 /* AppComponent.swift in Sources */ = {isa = PBXBuildFile; fileRef = F470C04123F8E41000AC7A18 /* AppComponent.swift */; };
		F470C06823F92C0800AC7A18 /* RootComponent+SearchInput.swift in Sources */ = {isa = PBXBuildFile; fileRef = F470C06723F92C0800AC7A18 /* RootComponent+SearchInput.swift */; };
		F470C07B23F950C000AC7A18 /* SearchInputViewController.swift in Sources */ = {isa = PBXBuildFile; fileRef = F4E8BFF623F66B7400014F9C /* SearchInputViewController.swift */; };
		F4E021F323FCF6F70088E788 /* DescScreenCell.swift in Sources */ = {isa = PBXBuildFile; fileRef = F4E021F123FCF6F70088E788 /* DescScreenCell.swift */; };
		F4E021F423FCF6F70088E788 /* DescScreenCell.xib in Resources */ = {isa = PBXBuildFile; fileRef = F4E021F223FCF6F70088E788 /* DescScreenCell.xib */; };
		F4E8BFDE23F66AC700014F9C /* AppDelegate.swift in Sources */ = {isa = PBXBuildFile; fileRef = F4E8BFDD23F66AC700014F9C /* AppDelegate.swift */; };
		F4E8BFE523F66AC700014F9C /* Main.storyboard in Resources */ = {isa = PBXBuildFile; fileRef = F4E8BFE323F66AC700014F9C /* Main.storyboard */; };
		F4E8BFE823F66AC700014F9C /* AppStoreSearch.xcdatamodeld in Sources */ = {isa = PBXBuildFile; fileRef = F4E8BFE623F66AC700014F9C /* AppStoreSearch.xcdatamodeld */; };
		F4E8BFEA23F66AC800014F9C /* Assets.xcassets in Resources */ = {isa = PBXBuildFile; fileRef = F4E8BFE923F66AC800014F9C /* Assets.xcassets */; };
		F4E8BFED23F66AC800014F9C /* LaunchScreen.storyboard in Resources */ = {isa = PBXBuildFile; fileRef = F4E8BFEB23F66AC800014F9C /* LaunchScreen.storyboard */; };
		F4F6771923F78E9000C724EF /* TitleCell.xib in Resources */ = {isa = PBXBuildFile; fileRef = F4F6771723F78E9000C724EF /* TitleCell.xib */; };
		F4F6771A23F78E9000C724EF /* TitleCell.swift in Sources */ = {isa = PBXBuildFile; fileRef = F4F6771823F78E9000C724EF /* TitleCell.swift */; };
		F4F6771D23F78E9800C724EF /* InputTextCell.swift in Sources */ = {isa = PBXBuildFile; fileRef = F4F6771B23F78E9700C724EF /* InputTextCell.swift */; };
		F4F6771E23F78E9800C724EF /* InputTextCell.xib in Resources */ = {isa = PBXBuildFile; fileRef = F4F6771C23F78E9700C724EF /* InputTextCell.xib */; };
		F4F6772D23F790F800C724EF /* SearchDetailRouter.swift in Sources */ = {isa = PBXBuildFile; fileRef = F4F6772923F790F800C724EF /* SearchDetailRouter.swift */; };
		F4F6772E23F790F800C724EF /* SearchDetailViewController.swift in Sources */ = {isa = PBXBuildFile; fileRef = F4F6772A23F790F800C724EF /* SearchDetailViewController.swift */; };
		F4F6772F23F790F800C724EF /* SearchDetailBuilder.swift in Sources */ = {isa = PBXBuildFile; fileRef = F4F6772B23F790F800C724EF /* SearchDetailBuilder.swift */; };
		F4F6773023F790F800C724EF /* SearchDetailInteractor.swift in Sources */ = {isa = PBXBuildFile; fileRef = F4F6772C23F790F800C724EF /* SearchDetailInteractor.swift */; };
		F4F6773423F7954400C724EF /* ItemCell.swift in Sources */ = {isa = PBXBuildFile; fileRef = F4F6773223F7954400C724EF /* ItemCell.swift */; };
		F4F6773523F7954400C724EF /* ItemCell.xib in Resources */ = {isa = PBXBuildFile; fileRef = F4F6773323F7954400C724EF /* ItemCell.xib */; };
		F4F6773923F7B8E900C724EF /* DescCell.swift in Sources */ = {isa = PBXBuildFile; fileRef = F4F6773723F7B8E900C724EF /* DescCell.swift */; };
		F4F6773A23F7B8E900C724EF /* DescCell.xib in Resources */ = {isa = PBXBuildFile; fileRef = F4F6773823F7B8E900C724EF /* DescCell.xib */; };
/* End PBXBuildFile section */

/* Begin PBXFileReference section */
		A9215DFEBCBC6E0E0DC5F4D1 /* Pods-AppStoreSearch.release.xcconfig */ = {isa = PBXFileReference; includeInIndex = 1; lastKnownFileType = text.xcconfig; name = "Pods-AppStoreSearch.release.xcconfig"; path = "Target Support Files/Pods-AppStoreSearch/Pods-AppStoreSearch.release.xcconfig"; sourceTree = "<group>"; };
		AADB8B0414B7AE57B1F36E4E /* Pods_AppStoreSearch.framework */ = {isa = PBXFileReference; explicitFileType = wrapper.framework; includeInIndex = 0; path = Pods_AppStoreSearch.framework; sourceTree = BUILT_PRODUCTS_DIR; };
		DCE143AA636C40EB184FB581 /* Pods-AppStoreSearch.debug.xcconfig */ = {isa = PBXFileReference; includeInIndex = 1; lastKnownFileType = text.xcconfig; name = "Pods-AppStoreSearch.debug.xcconfig"; path = "Target Support Files/Pods-AppStoreSearch/Pods-AppStoreSearch.debug.xcconfig"; sourceTree = "<group>"; };
		F41306CA23FBF14E0031DE71 /* CALayer+Extension.swift */ = {isa = PBXFileReference; lastKnownFileType = sourcecode.swift; path = "CALayer+Extension.swift"; sourceTree = "<group>"; };
		F41306CC23FC01250031DE71 /* SearchTabbar+SearchDetail.swift */ = {isa = PBXFileReference; fileEncoding = 4; lastKnownFileType = sourcecode.swift; path = "SearchTabbar+SearchDetail.swift"; sourceTree = "<group>"; };
		F41F636523F7FC31004CE89F /* LinkCell.swift */ = {isa = PBXFileReference; lastKnownFileType = sourcecode.swift; path = LinkCell.swift; sourceTree = "<group>"; };
		F41F636623F7FC31004CE89F /* LinkCell.xib */ = {isa = PBXFileReference; lastKnownFileType = file.xib; path = LinkCell.xib; sourceTree = "<group>"; };
		F426491723FE19AA00969EDB /* DescSection.swift */ = {isa = PBXFileReference; fileEncoding = 4; lastKnownFileType = sourcecode.swift; path = DescSection.swift; sourceTree = "<group>"; };
		F426491923FE204E00969EDB /* URL+Extension.swift */ = {isa = PBXFileReference; lastKnownFileType = sourcecode.swift; path = "URL+Extension.swift"; sourceTree = "<group>"; };
		F426491B23FE210B00969EDB /* MoreSection.swift */ = {isa = PBXFileReference; fileEncoding = 4; lastKnownFileType = sourcecode.swift; path = MoreSection.swift; sourceTree = "<group>"; };
		F426491D23FE212C00969EDB /* ReviewSection.swift */ = {isa = PBXFileReference; fileEncoding = 4; lastKnownFileType = sourcecode.swift; path = ReviewSection.swift; sourceTree = "<group>"; };
		F426491F23FE214100969EDB /* NewSection.swift */ = {isa = PBXFileReference; fileEncoding = 4; lastKnownFileType = sourcecode.swift; path = NewSection.swift; sourceTree = "<group>"; };
		F426492123FE215300969EDB /* InfoSection.swift */ = {isa = PBXFileReference; fileEncoding = 4; lastKnownFileType = sourcecode.swift; path = InfoSection.swift; sourceTree = "<group>"; };
		F426492323FE216600969EDB /* HelperSection.swift */ = {isa = PBXFileReference; fileEncoding = 4; lastKnownFileType = sourcecode.swift; path = HelperSection.swift; sourceTree = "<group>"; };
		F44AB7EC23FBA617003527A2 /* TitleSection.swift */ = {isa = PBXFileReference; fileEncoding = 4; lastKnownFileType = sourcecode.swift; path = TitleSection.swift; sourceTree = "<group>"; };
		F44AB7ED23FBA617003527A2 /* Section.swift */ = {isa = PBXFileReference; fileEncoding = 4; lastKnownFileType = sourcecode.swift; path = Section.swift; sourceTree = "<group>"; };
		F44AB7EE23FBA617003527A2 /* InputTextSection.swift */ = {isa = PBXFileReference; fileEncoding = 4; lastKnownFileType = sourcecode.swift; path = InputTextSection.swift; sourceTree = "<group>"; };
		F44DE55D23FA22B5006532D7 /* Dependency.swift */ = {isa = PBXFileReference; fileEncoding = 4; lastKnownFileType = sourcecode.swift; path = Dependency.swift; sourceTree = "<group>"; };
		F44DE55E23FA22B5006532D7 /* Component.swift */ = {isa = PBXFileReference; fileEncoding = 4; lastKnownFileType = sourcecode.swift; path = Component.swift; sourceTree = "<group>"; };
		F44DE55F23FA22B5006532D7 /* PresentableInteractor.swift */ = {isa = PBXFileReference; fileEncoding = 4; lastKnownFileType = sourcecode.swift; path = PresentableInteractor.swift; sourceTree = "<group>"; };
		F44DE56023FA22B5006532D7 /* Builder.swift */ = {isa = PBXFileReference; fileEncoding = 4; lastKnownFileType = sourcecode.swift; path = Builder.swift; sourceTree = "<group>"; };
		F44DE56123FA22B5006532D7 /* Interactor.swift */ = {isa = PBXFileReference; fileEncoding = 4; lastKnownFileType = sourcecode.swift; path = Interactor.swift; sourceTree = "<group>"; };
		F44DE56323FA22B5006532D7 /* FoundationExtensions.swift */ = {isa = PBXFileReference; fileEncoding = 4; lastKnownFileType = sourcecode.swift; path = FoundationExtensions.swift; sourceTree = "<group>"; };
		F44DE56423FA22B5006532D7 /* Presenter.swift */ = {isa = PBXFileReference; fileEncoding = 4; lastKnownFileType = sourcecode.swift; path = Presenter.swift; sourceTree = "<group>"; };
		F44DE56523FA22B5006532D7 /* LaunchRouter.swift */ = {isa = PBXFileReference; fileEncoding = 4; lastKnownFileType = sourcecode.swift; path = LaunchRouter.swift; sourceTree = "<group>"; };
		F44DE56723FA22B5006532D7 /* Executor.swift */ = {isa = PBXFileReference; fileEncoding = 4; lastKnownFileType = sourcecode.swift; path = Executor.swift; sourceTree = "<group>"; };
		F44DE56823FA22B5006532D7 /* LeakDetector.swift */ = {isa = PBXFileReference; fileEncoding = 4; lastKnownFileType = sourcecode.swift; path = LeakDetector.swift; sourceTree = "<group>"; };
		F44DE56923FA22B5006532D7 /* Router.swift */ = {isa = PBXFileReference; fileEncoding = 4; lastKnownFileType = sourcecode.swift; path = Router.swift; sourceTree = "<group>"; };
		F44DE56B23FA22B5006532D7 /* Workflow.swift */ = {isa = PBXFileReference; fileEncoding = 4; lastKnownFileType = sourcecode.swift; path = Workflow.swift; sourceTree = "<group>"; };
		F44DE56C23FA22B5006532D7 /* ViewableRouter.swift */ = {isa = PBXFileReference; fileEncoding = 4; lastKnownFileType = sourcecode.swift; path = ViewableRouter.swift; sourceTree = "<group>"; };
		F44DE56E23FA22B5006532D7 /* Worker.swift */ = {isa = PBXFileReference; fileEncoding = 4; lastKnownFileType = sourcecode.swift; path = Worker.swift; sourceTree = "<group>"; };
		F44DE56F23FA22B5006532D7 /* ViewControllable.swift */ = {isa = PBXFileReference; fileEncoding = 4; lastKnownFileType = sourcecode.swift; path = ViewControllable.swift; sourceTree = "<group>"; };
		F44DE58023FA261A006532D7 /* SearchTabbarRouter.swift */ = {isa = PBXFileReference; lastKnownFileType = sourcecode.swift; path = SearchTabbarRouter.swift; sourceTree = "<group>"; };
		F44DE58123FA261A006532D7 /* SearchTabbarViewController.swift */ = {isa = PBXFileReference; lastKnownFileType = sourcecode.swift; path = SearchTabbarViewController.swift; sourceTree = "<group>"; };
		F44DE58223FA261A006532D7 /* SearchTabbarBuilder.swift */ = {isa = PBXFileReference; lastKnownFileType = sourcecode.swift; path = SearchTabbarBuilder.swift; sourceTree = "<group>"; };
		F44DE58323FA261A006532D7 /* SearchTabbarInteractor.swift */ = {isa = PBXFileReference; lastKnownFileType = sourcecode.swift; path = SearchTabbarInteractor.swift; sourceTree = "<group>"; };
		F44DE58923FA5357006532D7 /* Search.swift */ = {isa = PBXFileReference; lastKnownFileType = sourcecode.swift; path = Search.swift; sourceTree = "<group>"; };
		F44DE59B23FA80B0006532D7 /* Util.swift */ = {isa = PBXFileReference; lastKnownFileType = sourcecode.swift; path = Util.swift; sourceTree = "<group>"; };
		F45777A323FD4E71005969C4 /* MoreCell.swift */ = {isa = PBXFileReference; lastKnownFileType = sourcecode.swift; path = MoreCell.swift; sourceTree = "<group>"; };
		F45777A423FD4E71005969C4 /* MoreCell.xib */ = {isa = PBXFileReference; lastKnownFileType = file.xib; path = MoreCell.xib; sourceTree = "<group>"; };
		F45777A723FD4E85005969C4 /* ReviewCell.swift */ = {isa = PBXFileReference; lastKnownFileType = sourcecode.swift; path = ReviewCell.swift; sourceTree = "<group>"; };
		F45777A823FD4E85005969C4 /* ReviewCell.xib */ = {isa = PBXFileReference; lastKnownFileType = file.xib; path = ReviewCell.xib; sourceTree = "<group>"; };
		F45777AB23FD4EB8005969C4 /* NewCell.swift */ = {isa = PBXFileReference; lastKnownFileType = sourcecode.swift; path = NewCell.swift; sourceTree = "<group>"; };
		F45777AC23FD4EB8005969C4 /* NewCell.xib */ = {isa = PBXFileReference; lastKnownFileType = file.xib; path = NewCell.xib; sourceTree = "<group>"; };
		F45777AF23FD4EC9005969C4 /* InfoCell.swift */ = {isa = PBXFileReference; lastKnownFileType = sourcecode.swift; path = InfoCell.swift; sourceTree = "<group>"; };
		F45777B023FD4EC9005969C4 /* InfoCell.xib */ = {isa = PBXFileReference; lastKnownFileType = file.xib; path = InfoCell.xib; sourceTree = "<group>"; };
		F45777B323FD4F0A005969C4 /* HelperCell.swift */ = {isa = PBXFileReference; lastKnownFileType = sourcecode.swift; path = HelperCell.swift; sourceTree = "<group>"; };
		F45777B423FD4F0A005969C4 /* HelperCell.xib */ = {isa = PBXFileReference; lastKnownFileType = file.xib; path = HelperCell.xib; sourceTree = "<group>"; };
		F470C03923F8DC5B00AC7A18 /* RootRouter.swift */ = {isa = PBXFileReference; lastKnownFileType = sourcecode.swift; path = RootRouter.swift; sourceTree = "<group>"; };
		F470C03A23F8DC5B00AC7A18 /* RootViewController.swift */ = {isa = PBXFileReference; lastKnownFileType = sourcecode.swift; path = RootViewController.swift; sourceTree = "<group>"; };
		F470C03B23F8DC5B00AC7A18 /* RootBuilder.swift */ = {isa = PBXFileReference; lastKnownFileType = sourcecode.swift; path = RootBuilder.swift; sourceTree = "<group>"; };
		F470C03C23F8DC5B00AC7A18 /* RootInteractor.swift */ = {isa = PBXFileReference; lastKnownFileType = sourcecode.swift; path = RootInteractor.swift; sourceTree = "<group>"; };
		F470C04123F8E41000AC7A18 /* AppComponent.swift */ = {isa = PBXFileReference; fileEncoding = 4; lastKnownFileType = sourcecode.swift; path = AppComponent.swift; sourceTree = "<group>"; };
		F470C06723F92C0800AC7A18 /* RootComponent+SearchInput.swift */ = {isa = PBXFileReference; fileEncoding = 4; lastKnownFileType = sourcecode.swift; path = "RootComponent+SearchInput.swift"; sourceTree = "<group>"; };
		F4E021F123FCF6F70088E788 /* DescScreenCell.swift */ = {isa = PBXFileReference; lastKnownFileType = sourcecode.swift; path = DescScreenCell.swift; sourceTree = "<group>"; };
		F4E021F223FCF6F70088E788 /* DescScreenCell.xib */ = {isa = PBXFileReference; lastKnownFileType = file.xib; path = DescScreenCell.xib; sourceTree = "<group>"; };
		F4E8BFDA23F66AC700014F9C /* AppStoreSearch.app */ = {isa = PBXFileReference; explicitFileType = wrapper.application; includeInIndex = 0; path = AppStoreSearch.app; sourceTree = BUILT_PRODUCTS_DIR; };
		F4E8BFDD23F66AC700014F9C /* AppDelegate.swift */ = {isa = PBXFileReference; lastKnownFileType = sourcecode.swift; path = AppDelegate.swift; sourceTree = "<group>"; };
		F4E8BFE423F66AC700014F9C /* Base */ = {isa = PBXFileReference; lastKnownFileType = file.storyboard; name = Base; path = Base.lproj/Main.storyboard; sourceTree = "<group>"; };
		F4E8BFE723F66AC700014F9C /* AppStoreSearch.xcdatamodel */ = {isa = PBXFileReference; lastKnownFileType = wrapper.xcdatamodel; path = AppStoreSearch.xcdatamodel; sourceTree = "<group>"; };
		F4E8BFE923F66AC800014F9C /* Assets.xcassets */ = {isa = PBXFileReference; lastKnownFileType = folder.assetcatalog; path = Assets.xcassets; sourceTree = "<group>"; };
		F4E8BFEC23F66AC800014F9C /* Base */ = {isa = PBXFileReference; lastKnownFileType = file.storyboard; name = Base; path = Base.lproj/LaunchScreen.storyboard; sourceTree = "<group>"; };
		F4E8BFEE23F66AC800014F9C /* Info.plist */ = {isa = PBXFileReference; lastKnownFileType = text.plist.xml; path = Info.plist; sourceTree = "<group>"; };
		F4E8BFF623F66B7400014F9C /* SearchInputViewController.swift */ = {isa = PBXFileReference; lastKnownFileType = sourcecode.swift; path = SearchInputViewController.swift; sourceTree = "<group>"; };
		F4F6771723F78E9000C724EF /* TitleCell.xib */ = {isa = PBXFileReference; fileEncoding = 4; lastKnownFileType = file.xib; path = TitleCell.xib; sourceTree = "<group>"; };
		F4F6771823F78E9000C724EF /* TitleCell.swift */ = {isa = PBXFileReference; fileEncoding = 4; lastKnownFileType = sourcecode.swift; path = TitleCell.swift; sourceTree = "<group>"; };
		F4F6771B23F78E9700C724EF /* InputTextCell.swift */ = {isa = PBXFileReference; fileEncoding = 4; lastKnownFileType = sourcecode.swift; path = InputTextCell.swift; sourceTree = "<group>"; };
		F4F6771C23F78E9700C724EF /* InputTextCell.xib */ = {isa = PBXFileReference; fileEncoding = 4; lastKnownFileType = file.xib; path = InputTextCell.xib; sourceTree = "<group>"; };
		F4F6772923F790F800C724EF /* SearchDetailRouter.swift */ = {isa = PBXFileReference; lastKnownFileType = sourcecode.swift; path = SearchDetailRouter.swift; sourceTree = "<group>"; };
		F4F6772A23F790F800C724EF /* SearchDetailViewController.swift */ = {isa = PBXFileReference; lastKnownFileType = sourcecode.swift; path = SearchDetailViewController.swift; sourceTree = "<group>"; };
		F4F6772B23F790F800C724EF /* SearchDetailBuilder.swift */ = {isa = PBXFileReference; lastKnownFileType = sourcecode.swift; path = SearchDetailBuilder.swift; sourceTree = "<group>"; };
		F4F6772C23F790F800C724EF /* SearchDetailInteractor.swift */ = {isa = PBXFileReference; lastKnownFileType = sourcecode.swift; path = SearchDetailInteractor.swift; sourceTree = "<group>"; };
		F4F6773223F7954400C724EF /* ItemCell.swift */ = {isa = PBXFileReference; lastKnownFileType = sourcecode.swift; path = ItemCell.swift; sourceTree = "<group>"; };
		F4F6773323F7954400C724EF /* ItemCell.xib */ = {isa = PBXFileReference; lastKnownFileType = file.xib; path = ItemCell.xib; sourceTree = "<group>"; };
		F4F6773723F7B8E900C724EF /* DescCell.swift */ = {isa = PBXFileReference; lastKnownFileType = sourcecode.swift; path = DescCell.swift; sourceTree = "<group>"; };
		F4F6773823F7B8E900C724EF /* DescCell.xib */ = {isa = PBXFileReference; lastKnownFileType = file.xib; path = DescCell.xib; sourceTree = "<group>"; };
/* End PBXFileReference section */

/* Begin PBXFrameworksBuildPhase section */
		F4E8BFD723F66AC700014F9C /* Frameworks */ = {
			isa = PBXFrameworksBuildPhase;
			buildActionMask = 2147483647;
			files = (
				590C101ABF6AEBB71431F50E /* Pods_AppStoreSearch.framework in Frameworks */,
			);
			runOnlyForDeploymentPostprocessing = 0;
		};
/* End PBXFrameworksBuildPhase section */

/* Begin PBXGroup section */
		399344B0307B14FBFB45E5F8 /* Pods */ = {
			isa = PBXGroup;
			children = (
				DCE143AA636C40EB184FB581 /* Pods-AppStoreSearch.debug.xcconfig */,
				A9215DFEBCBC6E0E0DC5F4D1 /* Pods-AppStoreSearch.release.xcconfig */,
			);
			path = Pods;
			sourceTree = "<group>";
		};
		C5A2C5AC4857C799382310DE /* Frameworks */ = {
			isa = PBXGroup;
			children = (
				AADB8B0414B7AE57B1F36E4E /* Pods_AppStoreSearch.framework */,
			);
			name = Frameworks;
			sourceTree = "<group>";
		};
		F41306C923FBF1370031DE71 /* Extension */ = {
			isa = PBXGroup;
			children = (
				F41306CA23FBF14E0031DE71 /* CALayer+Extension.swift */,
				F426491923FE204E00969EDB /* URL+Extension.swift */,
			);
			path = Extension;
			sourceTree = "<group>";
		};
		F426491623FE192400969EDB /* Section */ = {
			isa = PBXGroup;
			children = (
				F426491723FE19AA00969EDB /* DescSection.swift */,
				F426491B23FE210B00969EDB /* MoreSection.swift */,
				F426491D23FE212C00969EDB /* ReviewSection.swift */,
				F426491F23FE214100969EDB /* NewSection.swift */,
				F426492123FE215300969EDB /* InfoSection.swift */,
				F426492323FE216600969EDB /* HelperSection.swift */,
			);
			path = Section;
			sourceTree = "<group>";
		};
		F44AB7EB23FBA5FA003527A2 /* Section */ = {
			isa = PBXGroup;
			children = (
				F44AB7ED23FBA617003527A2 /* Section.swift */,
				F44AB7EE23FBA617003527A2 /* InputTextSection.swift */,
				F44AB7EC23FBA617003527A2 /* TitleSection.swift */,
			);
			path = Section;
			sourceTree = "<group>";
		};
		F44DE55A23FA22B5006532D7 /* RIBs */ = {
			isa = PBXGroup;
			children = (
				F44DE55B23FA22B5006532D7 /* Classes */,
			);
			path = RIBs;
			sourceTree = "<group>";
		};
		F44DE55B23FA22B5006532D7 /* Classes */ = {
			isa = PBXGroup;
			children = (
				F44DE55C23FA22B5006532D7 /* DI */,
				F44DE55F23FA22B5006532D7 /* PresentableInteractor.swift */,
				F44DE56023FA22B5006532D7 /* Builder.swift */,
				F44DE56123FA22B5006532D7 /* Interactor.swift */,
				F44DE56223FA22B5006532D7 /* Extensions */,
				F44DE56423FA22B5006532D7 /* Presenter.swift */,
				F44DE56523FA22B5006532D7 /* LaunchRouter.swift */,
				F44DE56623FA22B5006532D7 /* LeakDetector */,
				F44DE56923FA22B5006532D7 /* Router.swift */,
				F44DE56A23FA22B5006532D7 /* Workflow */,
				F44DE56C23FA22B5006532D7 /* ViewableRouter.swift */,
				F44DE56D23FA22B5006532D7 /* Worker */,
				F44DE56F23FA22B5006532D7 /* ViewControllable.swift */,
			);
			path = Classes;
			sourceTree = "<group>";
		};
		F44DE55C23FA22B5006532D7 /* DI */ = {
			isa = PBXGroup;
			children = (
				F44DE55D23FA22B5006532D7 /* Dependency.swift */,
				F44DE55E23FA22B5006532D7 /* Component.swift */,
			);
			path = DI;
			sourceTree = "<group>";
		};
		F44DE56223FA22B5006532D7 /* Extensions */ = {
			isa = PBXGroup;
			children = (
				F44DE56323FA22B5006532D7 /* FoundationExtensions.swift */,
			);
			path = Extensions;
			sourceTree = "<group>";
		};
		F44DE56623FA22B5006532D7 /* LeakDetector */ = {
			isa = PBXGroup;
			children = (
				F44DE56723FA22B5006532D7 /* Executor.swift */,
				F44DE56823FA22B5006532D7 /* LeakDetector.swift */,
			);
			path = LeakDetector;
			sourceTree = "<group>";
		};
		F44DE56A23FA22B5006532D7 /* Workflow */ = {
			isa = PBXGroup;
			children = (
				F44DE56B23FA22B5006532D7 /* Workflow.swift */,
			);
			path = Workflow;
			sourceTree = "<group>";
		};
		F44DE56D23FA22B5006532D7 /* Worker */ = {
			isa = PBXGroup;
			children = (
				F44DE56E23FA22B5006532D7 /* Worker.swift */,
			);
			path = Worker;
			sourceTree = "<group>";
		};
		F44DE57F23FA2603006532D7 /* SearchTabbar */ = {
			isa = PBXGroup;
			children = (
				F44AB7EB23FBA5FA003527A2 /* Section */,
				F4F6771623F78E5800C724EF /* Cell */,
				F44DE58223FA261A006532D7 /* SearchTabbarBuilder.swift */,
				F44DE58023FA261A006532D7 /* SearchTabbarRouter.swift */,
				F41306CC23FC01250031DE71 /* SearchTabbar+SearchDetail.swift */,
				F44DE58323FA261A006532D7 /* SearchTabbarInteractor.swift */,
				F44DE58123FA261A006532D7 /* SearchTabbarViewController.swift */,
				F4E8BFF623F66B7400014F9C /* SearchInputViewController.swift */,
			);
			path = SearchTabbar;
			sourceTree = "<group>";
		};
		F44DE58823FA5348006532D7 /* Model */ = {
			isa = PBXGroup;
			children = (
				F44DE58923FA5357006532D7 /* Search.swift */,
			);
			path = Model;
			sourceTree = "<group>";
		};
		F470C03823F8DC2900AC7A18 /* Root */ = {
			isa = PBXGroup;
			children = (
				F470C03923F8DC5B00AC7A18 /* RootRouter.swift */,
				F470C03A23F8DC5B00AC7A18 /* RootViewController.swift */,
				F470C03B23F8DC5B00AC7A18 /* RootBuilder.swift */,
				F470C03C23F8DC5B00AC7A18 /* RootInteractor.swift */,
				F470C06723F92C0800AC7A18 /* RootComponent+SearchInput.swift */,
			);
			path = Root;
			sourceTree = "<group>";
		};
		F4E021FA23FD23850088E788 /* Service */ = {
			isa = PBXGroup;
			children = (
			);
			path = Service;
			sourceTree = "<group>";
		};
		F4E8BFD123F66AC700014F9C = {
			isa = PBXGroup;
			children = (
				F4E8BFDC23F66AC700014F9C /* AppStoreSearch */,
				F4E8BFDB23F66AC700014F9C /* Products */,
				399344B0307B14FBFB45E5F8 /* Pods */,
				C5A2C5AC4857C799382310DE /* Frameworks */,
			);
			sourceTree = "<group>";
		};
		F4E8BFDB23F66AC700014F9C /* Products */ = {
			isa = PBXGroup;
			children = (
				F4E8BFDA23F66AC700014F9C /* AppStoreSearch.app */,
			);
			name = Products;
			sourceTree = "<group>";
		};
		F4E8BFDC23F66AC700014F9C /* AppStoreSearch */ = {
			isa = PBXGroup;
			children = (
				F44DE57F23FA2603006532D7 /* SearchTabbar */,
				F4F6772823F790D900C724EF /* SearchDetail */,
				F470C03823F8DC2900AC7A18 /* Root */,
				F44DE58823FA5348006532D7 /* Model */,
				F41306C923FBF1370031DE71 /* Extension */,
				F4E021FA23FD23850088E788 /* Service */,
				F4F676BD23F785AF00C724EF /* Library */,
				F4E8BFDD23F66AC700014F9C /* AppDelegate.swift */,
				F470C04123F8E41000AC7A18 /* AppComponent.swift */,
				F4E8BFE323F66AC700014F9C /* Main.storyboard */,
				F4E8BFE923F66AC800014F9C /* Assets.xcassets */,
				F4E8BFEB23F66AC800014F9C /* LaunchScreen.storyboard */,
				F4E8BFEE23F66AC800014F9C /* Info.plist */,
				F4E8BFE623F66AC700014F9C /* AppStoreSearch.xcdatamodeld */,
				F44DE59B23FA80B0006532D7 /* Util.swift */,
			);
			path = AppStoreSearch;
			sourceTree = "<group>";
		};
		F4F676BD23F785AF00C724EF /* Library */ = {
			isa = PBXGroup;
			children = (
				F44DE55A23FA22B5006532D7 /* RIBs */,
			);
			path = Library;
			sourceTree = "<group>";
		};
		F4F6771623F78E5800C724EF /* Cell */ = {
			isa = PBXGroup;
			children = (
				F4F6771B23F78E9700C724EF /* InputTextCell.swift */,
				F4F6771C23F78E9700C724EF /* InputTextCell.xib */,
				F4F6771823F78E9000C724EF /* TitleCell.swift */,
				F4F6771723F78E9000C724EF /* TitleCell.xib */,
				F41F636523F7FC31004CE89F /* LinkCell.swift */,
				F41F636623F7FC31004CE89F /* LinkCell.xib */,
				F4F6773223F7954400C724EF /* ItemCell.swift */,
				F4F6773323F7954400C724EF /* ItemCell.xib */,
			);
			path = Cell;
			sourceTree = "<group>";
		};
		F4F6772823F790D900C724EF /* SearchDetail */ = {
			isa = PBXGroup;
			children = (
				F426491623FE192400969EDB /* Section */,
				F4F6773623F7B88600C724EF /* Cell */,
				F4F6772923F790F800C724EF /* SearchDetailRouter.swift */,
				F4F6772B23F790F800C724EF /* SearchDetailBuilder.swift */,
				F4F6772C23F790F800C724EF /* SearchDetailInteractor.swift */,
				F4F6772A23F790F800C724EF /* SearchDetailViewController.swift */,
			);
			path = SearchDetail;
			sourceTree = "<group>";
		};
		F4F6773623F7B88600C724EF /* Cell */ = {
			isa = PBXGroup;
			children = (
				F4F6773723F7B8E900C724EF /* DescCell.swift */,
				F4F6773823F7B8E900C724EF /* DescCell.xib */,
				F4E021F123FCF6F70088E788 /* DescScreenCell.swift */,
				F4E021F223FCF6F70088E788 /* DescScreenCell.xib */,
				F45777A323FD4E71005969C4 /* MoreCell.swift */,
				F45777A423FD4E71005969C4 /* MoreCell.xib */,
				F45777A723FD4E85005969C4 /* ReviewCell.swift */,
				F45777A823FD4E85005969C4 /* ReviewCell.xib */,
				F45777AB23FD4EB8005969C4 /* NewCell.swift */,
				F45777AC23FD4EB8005969C4 /* NewCell.xib */,
				F45777AF23FD4EC9005969C4 /* InfoCell.swift */,
				F45777B023FD4EC9005969C4 /* InfoCell.xib */,
				F45777B323FD4F0A005969C4 /* HelperCell.swift */,
				F45777B423FD4F0A005969C4 /* HelperCell.xib */,
			);
			path = Cell;
			sourceTree = "<group>";
		};
/* End PBXGroup section */

/* Begin PBXNativeTarget section */
		F4E8BFD923F66AC700014F9C /* AppStoreSearch */ = {
			isa = PBXNativeTarget;
			buildConfigurationList = F4E8BFF123F66AC800014F9C /* Build configuration list for PBXNativeTarget "AppStoreSearch" */;
			buildPhases = (
				C709C8A82792D79BB94BF3D7 /* [CP] Check Pods Manifest.lock */,
				F4E8BFD623F66AC700014F9C /* Sources */,
				F4E8BFD723F66AC700014F9C /* Frameworks */,
				F4E8BFD823F66AC700014F9C /* Resources */,
				8C1A623F0AA6564BB388B94C /* [CP] Embed Pods Frameworks */,
			);
			buildRules = (
			);
			dependencies = (
			);
			name = AppStoreSearch;
			productName = AppStoreSearch;
			productReference = F4E8BFDA23F66AC700014F9C /* AppStoreSearch.app */;
			productType = "com.apple.product-type.application";
		};
/* End PBXNativeTarget section */

/* Begin PBXProject section */
		F4E8BFD223F66AC700014F9C /* Project object */ = {
			isa = PBXProject;
			attributes = {
				LastSwiftUpdateCheck = 1130;
				LastUpgradeCheck = 1130;
				ORGANIZATIONNAME = hjoon;
				TargetAttributes = {
					F4E8BFD923F66AC700014F9C = {
						CreatedOnToolsVersion = 11.3;
					};
				};
			};
			buildConfigurationList = F4E8BFD523F66AC700014F9C /* Build configuration list for PBXProject "AppStoreSearch" */;
			compatibilityVersion = "Xcode 9.3";
			developmentRegion = en;
			hasScannedForEncodings = 0;
			knownRegions = (
				en,
				Base,
			);
			mainGroup = F4E8BFD123F66AC700014F9C;
			productRefGroup = F4E8BFDB23F66AC700014F9C /* Products */;
			projectDirPath = "";
			projectRoot = "";
			targets = (
				F4E8BFD923F66AC700014F9C /* AppStoreSearch */,
			);
		};
/* End PBXProject section */

/* Begin PBXResourcesBuildPhase section */
		F4E8BFD823F66AC700014F9C /* Resources */ = {
			isa = PBXResourcesBuildPhase;
			buildActionMask = 2147483647;
			files = (
				F4F6771923F78E9000C724EF /* TitleCell.xib in Resources */,
				F45777B623FD4F0A005969C4 /* HelperCell.xib in Resources */,
				F4E8BFED23F66AC800014F9C /* LaunchScreen.storyboard in Resources */,
				F4F6773523F7954400C724EF /* ItemCell.xib in Resources */,
				F41F636823F7FC31004CE89F /* LinkCell.xib in Resources */,
				F4E8BFEA23F66AC800014F9C /* Assets.xcassets in Resources */,
				F4F6773A23F7B8E900C724EF /* DescCell.xib in Resources */,
				F45777AE23FD4EB8005969C4 /* NewCell.xib in Resources */,
				F45777AA23FD4E85005969C4 /* ReviewCell.xib in Resources */,
				F45777A623FD4E71005969C4 /* MoreCell.xib in Resources */,
				F4E8BFE523F66AC700014F9C /* Main.storyboard in Resources */,
				F45777B223FD4EC9005969C4 /* InfoCell.xib in Resources */,
				F4E021F423FCF6F70088E788 /* DescScreenCell.xib in Resources */,
				F4F6771E23F78E9800C724EF /* InputTextCell.xib in Resources */,
			);
			runOnlyForDeploymentPostprocessing = 0;
		};
/* End PBXResourcesBuildPhase section */

/* Begin PBXShellScriptBuildPhase section */
		8C1A623F0AA6564BB388B94C /* [CP] Embed Pods Frameworks */ = {
			isa = PBXShellScriptBuildPhase;
			buildActionMask = 2147483647;
			files = (
			);
			inputFileListPaths = (
				"${PODS_ROOT}/Target Support Files/Pods-AppStoreSearch/Pods-AppStoreSearch-frameworks-${CONFIGURATION}-input-files.xcfilelist",
			);
			name = "[CP] Embed Pods Frameworks";
			outputFileListPaths = (
				"${PODS_ROOT}/Target Support Files/Pods-AppStoreSearch/Pods-AppStoreSearch-frameworks-${CONFIGURATION}-output-files.xcfilelist",
			);
			runOnlyForDeploymentPostprocessing = 0;
			shellPath = /bin/sh;
			shellScript = "\"${PODS_ROOT}/Target Support Files/Pods-AppStoreSearch/Pods-AppStoreSearch-frameworks.sh\"\n";
			showEnvVarsInLog = 0;
		};
		C709C8A82792D79BB94BF3D7 /* [CP] Check Pods Manifest.lock */ = {
			isa = PBXShellScriptBuildPhase;
			buildActionMask = 2147483647;
			files = (
			);
			inputFileListPaths = (
			);
			inputPaths = (
				"${PODS_PODFILE_DIR_PATH}/Podfile.lock",
				"${PODS_ROOT}/Manifest.lock",
			);
			name = "[CP] Check Pods Manifest.lock";
			outputFileListPaths = (
			);
			outputPaths = (
				"$(DERIVED_FILE_DIR)/Pods-AppStoreSearch-checkManifestLockResult.txt",
			);
			runOnlyForDeploymentPostprocessing = 0;
			shellPath = /bin/sh;
			shellScript = "diff \"${PODS_PODFILE_DIR_PATH}/Podfile.lock\" \"${PODS_ROOT}/Manifest.lock\" > /dev/null\nif [ $? != 0 ] ; then\n    # print error to STDERR\n    echo \"error: The sandbox is not in sync with the Podfile.lock. Run 'pod install' or update your CocoaPods installation.\" >&2\n    exit 1\nfi\n# This output is used by Xcode 'outputs' to avoid re-running this script phase.\necho \"SUCCESS\" > \"${SCRIPT_OUTPUT_FILE_0}\"\n";
			showEnvVarsInLog = 0;
		};
/* End PBXShellScriptBuildPhase section */

/* Begin PBXSourcesBuildPhase section */
		F4E8BFD623F66AC700014F9C /* Sources */ = {
			isa = PBXSourcesBuildPhase;
			buildActionMask = 2147483647;
			files = (
				F44DE58523FA261A006532D7 /* SearchTabbarViewController.swift in Sources */,
				F470C03E23F8DC5B00AC7A18 /* RootViewController.swift in Sources */,
				F470C04023F8DC5B00AC7A18 /* RootInteractor.swift in Sources */,
				F426492423FE216600969EDB /* HelperSection.swift in Sources */,
				F426491E23FE212C00969EDB /* ReviewSection.swift in Sources */,
				F4F6773923F7B8E900C724EF /* DescCell.swift in Sources */,
				F426492223FE215400969EDB /* InfoSection.swift in Sources */,
				F4E8BFDE23F66AC700014F9C /* AppDelegate.swift in Sources */,
				F44DE57D23FA22B5006532D7 /* Worker.swift in Sources */,
				F44DE58723FA261A006532D7 /* SearchTabbarInteractor.swift in Sources */,
				F44DE59C23FA80B0006532D7 /* Util.swift in Sources */,
				F4F6772F23F790F800C724EF /* SearchDetailBuilder.swift in Sources */,
				F45777B123FD4EC9005969C4 /* InfoCell.swift in Sources */,
				F44DE57E23FA22B5006532D7 /* ViewControllable.swift in Sources */,
				F44DE57A23FA22B5006532D7 /* Router.swift in Sources */,
				F44DE57423FA22B5006532D7 /* Interactor.swift in Sources */,
				F44DE58623FA261A006532D7 /* SearchTabbarBuilder.swift in Sources */,
				F45777A923FD4E85005969C4 /* ReviewCell.swift in Sources */,
				F44DE57723FA22B5006532D7 /* LaunchRouter.swift in Sources */,
				F470C04223F8E41000AC7A18 /* AppComponent.swift in Sources */,
				F470C03D23F8DC5B00AC7A18 /* RootRouter.swift in Sources */,
				F4F6773023F790F800C724EF /* SearchDetailInteractor.swift in Sources */,
				F44DE57C23FA22B5006532D7 /* ViewableRouter.swift in Sources */,
				F426491823FE19AA00969EDB /* DescSection.swift in Sources */,
				F45777A523FD4E71005969C4 /* MoreCell.swift in Sources */,
				F426491C23FE210B00969EDB /* MoreSection.swift in Sources */,
				F470C03F23F8DC5B00AC7A18 /* RootBuilder.swift in Sources */,
				F44AB7F123FBA617003527A2 /* InputTextSection.swift in Sources */,
				F45777AD23FD4EB8005969C4 /* NewCell.swift in Sources */,
				F426491A23FE204E00969EDB /* URL+Extension.swift in Sources */,
				F4E8BFE823F66AC700014F9C /* AppStoreSearch.xcdatamodeld in Sources */,
				F44AB7EF23FBA617003527A2 /* TitleSection.swift in Sources */,
				F4F6771A23F78E9000C724EF /* TitleCell.swift in Sources */,
				F4F6773423F7954400C724EF /* ItemCell.swift in Sources */,
				F44DE57223FA22B5006532D7 /* PresentableInteractor.swift in Sources */,
				F470C07B23F950C000AC7A18 /* SearchInputViewController.swift in Sources */,
				F44DE57B23FA22B5006532D7 /* Workflow.swift in Sources */,
				F44DE57923FA22B5006532D7 /* LeakDetector.swift in Sources */,
				F41F636723F7FC31004CE89F /* LinkCell.swift in Sources */,
				F44DE57623FA22B5006532D7 /* Presenter.swift in Sources */,
				F44DE57523FA22B5006532D7 /* FoundationExtensions.swift in Sources */,
				F44DE57123FA22B5006532D7 /* Component.swift in Sources */,
				F44DE57823FA22B5006532D7 /* Executor.swift in Sources */,
				F44DE58423FA261A006532D7 /* SearchTabbarRouter.swift in Sources */,
				F44DE58A23FA5357006532D7 /* Search.swift in Sources */,
				F44DE57323FA22B5006532D7 /* Builder.swift in Sources */,
				F45777B523FD4F0A005969C4 /* HelperCell.swift in Sources */,
				F4F6772E23F790F800C724EF /* SearchDetailViewController.swift in Sources */,
				F470C06823F92C0800AC7A18 /* RootComponent+SearchInput.swift in Sources */,
				F4F6771D23F78E9800C724EF /* InputTextCell.swift in Sources */,
				F44AB7F023FBA617003527A2 /* Section.swift in Sources */,
				F41306CE23FC0ED80031DE71 /* SearchTabbar+SearchDetail.swift in Sources */,
				F4F6772D23F790F800C724EF /* SearchDetailRouter.swift in Sources */,
				F41306CB23FBF14E0031DE71 /* CALayer+Extension.swift in Sources */,
				F426492023FE214100969EDB /* NewSection.swift in Sources */,
				F4E021F323FCF6F70088E788 /* DescScreenCell.swift in Sources */,
				F44DE57023FA22B5006532D7 /* Dependency.swift in Sources */,
			);
			runOnlyForDeploymentPostprocessing = 0;
		};
/* End PBXSourcesBuildPhase section */

/* Begin PBXVariantGroup section */
		F4E8BFE323F66AC700014F9C /* Main.storyboard */ = {
			isa = PBXVariantGroup;
			children = (
				F4E8BFE423F66AC700014F9C /* Base */,
			);
			name = Main.storyboard;
			sourceTree = "<group>";
		};
		F4E8BFEB23F66AC800014F9C /* LaunchScreen.storyboard */ = {
			isa = PBXVariantGroup;
			children = (
				F4E8BFEC23F66AC800014F9C /* Base */,
			);
			name = LaunchScreen.storyboard;
			sourceTree = "<group>";
		};
/* End PBXVariantGroup section */

/* Begin XCBuildConfiguration section */
		F4E8BFEF23F66AC800014F9C /* Debug */ = {
			isa = XCBuildConfiguration;
			buildSettings = {
				ALWAYS_SEARCH_USER_PATHS = NO;
				CLANG_ANALYZER_NONNULL = YES;
				CLANG_ANALYZER_NUMBER_OBJECT_CONVERSION = YES_AGGRESSIVE;
				CLANG_CXX_LANGUAGE_STANDARD = "gnu++14";
				CLANG_CXX_LIBRARY = "libc++";
				CLANG_ENABLE_MODULES = YES;
				CLANG_ENABLE_OBJC_ARC = YES;
				CLANG_ENABLE_OBJC_WEAK = YES;
				CLANG_WARN_BLOCK_CAPTURE_AUTORELEASING = YES;
				CLANG_WARN_BOOL_CONVERSION = YES;
				CLANG_WARN_COMMA = YES;
				CLANG_WARN_CONSTANT_CONVERSION = YES;
				CLANG_WARN_DEPRECATED_OBJC_IMPLEMENTATIONS = YES;
				CLANG_WARN_DIRECT_OBJC_ISA_USAGE = YES_ERROR;
				CLANG_WARN_DOCUMENTATION_COMMENTS = YES;
				CLANG_WARN_EMPTY_BODY = YES;
				CLANG_WARN_ENUM_CONVERSION = YES;
				CLANG_WARN_INFINITE_RECURSION = YES;
				CLANG_WARN_INT_CONVERSION = YES;
				CLANG_WARN_NON_LITERAL_NULL_CONVERSION = YES;
				CLANG_WARN_OBJC_IMPLICIT_RETAIN_SELF = YES;
				CLANG_WARN_OBJC_LITERAL_CONVERSION = YES;
				CLANG_WARN_OBJC_ROOT_CLASS = YES_ERROR;
				CLANG_WARN_RANGE_LOOP_ANALYSIS = YES;
				CLANG_WARN_STRICT_PROTOTYPES = YES;
				CLANG_WARN_SUSPICIOUS_MOVE = YES;
				CLANG_WARN_UNGUARDED_AVAILABILITY = YES_AGGRESSIVE;
				CLANG_WARN_UNREACHABLE_CODE = YES;
				CLANG_WARN__DUPLICATE_METHOD_MATCH = YES;
				COPY_PHASE_STRIP = NO;
				DEBUG_INFORMATION_FORMAT = dwarf;
				ENABLE_STRICT_OBJC_MSGSEND = YES;
				ENABLE_TESTABILITY = YES;
				GCC_C_LANGUAGE_STANDARD = gnu11;
				GCC_DYNAMIC_NO_PIC = NO;
				GCC_NO_COMMON_BLOCKS = YES;
				GCC_OPTIMIZATION_LEVEL = 0;
				GCC_PREPROCESSOR_DEFINITIONS = (
					"DEBUG=1",
					"$(inherited)",
				);
				GCC_WARN_64_TO_32_BIT_CONVERSION = YES;
				GCC_WARN_ABOUT_RETURN_TYPE = YES_ERROR;
				GCC_WARN_UNDECLARED_SELECTOR = YES;
				GCC_WARN_UNINITIALIZED_AUTOS = YES_AGGRESSIVE;
				GCC_WARN_UNUSED_FUNCTION = YES;
				GCC_WARN_UNUSED_VARIABLE = YES;
				IPHONEOS_DEPLOYMENT_TARGET = 13.2;
				MTL_ENABLE_DEBUG_INFO = INCLUDE_SOURCE;
				MTL_FAST_MATH = YES;
				ONLY_ACTIVE_ARCH = YES;
				SDKROOT = iphoneos;
				SWIFT_ACTIVE_COMPILATION_CONDITIONS = DEBUG;
				SWIFT_OPTIMIZATION_LEVEL = "-Onone";
			};
			name = Debug;
		};
		F4E8BFF023F66AC800014F9C /* Release */ = {
			isa = XCBuildConfiguration;
			buildSettings = {
				ALWAYS_SEARCH_USER_PATHS = NO;
				CLANG_ANALYZER_NONNULL = YES;
				CLANG_ANALYZER_NUMBER_OBJECT_CONVERSION = YES_AGGRESSIVE;
				CLANG_CXX_LANGUAGE_STANDARD = "gnu++14";
				CLANG_CXX_LIBRARY = "libc++";
				CLANG_ENABLE_MODULES = YES;
				CLANG_ENABLE_OBJC_ARC = YES;
				CLANG_ENABLE_OBJC_WEAK = YES;
				CLANG_WARN_BLOCK_CAPTURE_AUTORELEASING = YES;
				CLANG_WARN_BOOL_CONVERSION = YES;
				CLANG_WARN_COMMA = YES;
				CLANG_WARN_CONSTANT_CONVERSION = YES;
				CLANG_WARN_DEPRECATED_OBJC_IMPLEMENTATIONS = YES;
				CLANG_WARN_DIRECT_OBJC_ISA_USAGE = YES_ERROR;
				CLANG_WARN_DOCUMENTATION_COMMENTS = YES;
				CLANG_WARN_EMPTY_BODY = YES;
				CLANG_WARN_ENUM_CONVERSION = YES;
				CLANG_WARN_INFINITE_RECURSION = YES;
				CLANG_WARN_INT_CONVERSION = YES;
				CLANG_WARN_NON_LITERAL_NULL_CONVERSION = YES;
				CLANG_WARN_OBJC_IMPLICIT_RETAIN_SELF = YES;
				CLANG_WARN_OBJC_LITERAL_CONVERSION = YES;
				CLANG_WARN_OBJC_ROOT_CLASS = YES_ERROR;
				CLANG_WARN_RANGE_LOOP_ANALYSIS = YES;
				CLANG_WARN_STRICT_PROTOTYPES = YES;
				CLANG_WARN_SUSPICIOUS_MOVE = YES;
				CLANG_WARN_UNGUARDED_AVAILABILITY = YES_AGGRESSIVE;
				CLANG_WARN_UNREACHABLE_CODE = YES;
				CLANG_WARN__DUPLICATE_METHOD_MATCH = YES;
				COPY_PHASE_STRIP = NO;
				DEBUG_INFORMATION_FORMAT = "dwarf-with-dsym";
				ENABLE_NS_ASSERTIONS = NO;
				ENABLE_STRICT_OBJC_MSGSEND = YES;
				GCC_C_LANGUAGE_STANDARD = gnu11;
				GCC_NO_COMMON_BLOCKS = YES;
				GCC_WARN_64_TO_32_BIT_CONVERSION = YES;
				GCC_WARN_ABOUT_RETURN_TYPE = YES_ERROR;
				GCC_WARN_UNDECLARED_SELECTOR = YES;
				GCC_WARN_UNINITIALIZED_AUTOS = YES_AGGRESSIVE;
				GCC_WARN_UNUSED_FUNCTION = YES;
				GCC_WARN_UNUSED_VARIABLE = YES;
				IPHONEOS_DEPLOYMENT_TARGET = 13.2;
				MTL_ENABLE_DEBUG_INFO = NO;
				MTL_FAST_MATH = YES;
				SDKROOT = iphoneos;
				SWIFT_COMPILATION_MODE = wholemodule;
				SWIFT_OPTIMIZATION_LEVEL = "-O";
				VALIDATE_PRODUCT = YES;
			};
			name = Release;
		};
		F4E8BFF223F66AC800014F9C /* Debug */ = {
			isa = XCBuildConfiguration;
			baseConfigurationReference = DCE143AA636C40EB184FB581 /* Pods-AppStoreSearch.debug.xcconfig */;
			buildSettings = {
				ASSETCATALOG_COMPILER_APPICON_NAME = AppIcon;
				CODE_SIGN_STYLE = Automatic;
				DEVELOPMENT_TEAM = GCW8XUVCDR;
				INFOPLIST_FILE = AppStoreSearch/Info.plist;
				LD_RUNPATH_SEARCH_PATHS = (
					"$(inherited)",
					"@executable_path/Frameworks",
				);
				PRODUCT_BUNDLE_IDENTIFIER = com.hjoon.m.AppStoreSearch;
				PRODUCT_NAME = "$(TARGET_NAME)";
				SWIFT_VERSION = 5.0;
				TARGETED_DEVICE_FAMILY = "1,2";
			};
			name = Debug;
		};
		F4E8BFF323F66AC800014F9C /* Release */ = {
			isa = XCBuildConfiguration;
			baseConfigurationReference = A9215DFEBCBC6E0E0DC5F4D1 /* Pods-AppStoreSearch.release.xcconfig */;
			buildSettings = {
				ASSETCATALOG_COMPILER_APPICON_NAME = AppIcon;
				CODE_SIGN_STYLE = Automatic;
				DEVELOPMENT_TEAM = GCW8XUVCDR;
				INFOPLIST_FILE = AppStoreSearch/Info.plist;
				LD_RUNPATH_SEARCH_PATHS = (
					"$(inherited)",
					"@executable_path/Frameworks",
				);
				PRODUCT_BUNDLE_IDENTIFIER = com.hjoon.m.AppStoreSearch;
				PRODUCT_NAME = "$(TARGET_NAME)";
				SWIFT_VERSION = 5.0;
				TARGETED_DEVICE_FAMILY = "1,2";
			};
			name = Release;
		};
/* End XCBuildConfiguration section */

/* Begin XCConfigurationList section */
		F4E8BFD523F66AC700014F9C /* Build configuration list for PBXProject "AppStoreSearch" */ = {
			isa = XCConfigurationList;
			buildConfigurations = (
				F4E8BFEF23F66AC800014F9C /* Debug */,
				F4E8BFF023F66AC800014F9C /* Release */,
			);
			defaultConfigurationIsVisible = 0;
			defaultConfigurationName = Release;
		};
		F4E8BFF123F66AC800014F9C /* Build configuration list for PBXNativeTarget "AppStoreSearch" */ = {
			isa = XCConfigurationList;
			buildConfigurations = (
				F4E8BFF223F66AC800014F9C /* Debug */,
				F4E8BFF323F66AC800014F9C /* Release */,
			);
			defaultConfigurationIsVisible = 0;
			defaultConfigurationName = Release;
		};
/* End XCConfigurationList section */

/* Begin XCVersionGroup section */
		F4E8BFE623F66AC700014F9C /* AppStoreSearch.xcdatamodeld */ = {
			isa = XCVersionGroup;
			children = (
				F4E8BFE723F66AC700014F9C /* AppStoreSearch.xcdatamodel */,
			);
			currentVersion = F4E8BFE723F66AC700014F9C /* AppStoreSearch.xcdatamodel */;
			path = AppStoreSearch.xcdatamodeld;
			sourceTree = "<group>";
			versionGroupType = wrapper.xcdatamodel;
		};
/* End XCVersionGroup section */
	};
	rootObject = F4E8BFD223F66AC700014F9C /* Project object */;
}
